
Microsoft Visual Studio Solution File, Format Version 12.00
# Visual Studio Version 16
VisualStudioVersion = 16.0.31129.286
MinimumVisualStudioVersion = 10.0.40219.1
Project("{FAE04EC0-301F-11D3-BF4B-00C04F79EFBC}") = "swagger", "swagger\swagger.csproj", "{66C91C36-2D6B-44B8-85EC-8A8145F4048B}"
EndProject
Project("{9A19103F-16F7-4668-BE54-9A1E7A4F7556}") = "eProtokollCore", "..\eProtokollApi\eProtokollCore\eProtokollCore.csproj", "{906F0850-446D-446A-B0E7-8DE3004C5E4B}"
EndProject
Global
	GlobalSection(SolutionConfigurationPlatforms) = preSolution
		Debug|Any CPU = Debug|Any CPU
		Release|Any CPU = Release|Any CPU
	EndGlobalSection
	GlobalSection(ProjectConfigurationPlatforms) = postSolution
		{66C91C36-2D6B-44B8-85EC-8A8145F4048B}.Debug|Any CPU.ActiveCfg = Debug|Any CPU
		{66C91C36-2D6B-44B8-85EC-8A8145F4048B}.Debug|Any CPU.Build.0 = Debug|Any CPU
		{66C91C36-2D6B-44B8-85EC-8A8145F4048B}.Release|Any CPU.ActiveCfg = Release|Any CPU
		{66C91C36-2D6B-44B8-85EC-8A8145F4048B}.Release|Any CPU.Build.0 = Release|Any CPU
		{906F0850-446D-446A-B0E7-8DE3004C5E4B}.Debug|Any CPU.ActiveCfg = Debug|Any CPU
		{906F0850-446D-446A-B0E7-8DE3004C5E4B}.Debug|Any CPU.Build.0 = Debug|Any CPU
		{906F0850-446D-446A-B0E7-8DE3004C5E4B}.Release|Any CPU.ActiveCfg = Release|Any CPU
		{906F0850-446D-446A-B0E7-8DE3004C5E4B}.Release|Any CPU.Build.0 = Release|Any CPU
	EndGlobalSection
	GlobalSection(SolutionProperties) = preSolution
		HideSolutionNode = FALSE
	EndGlobalSection
	GlobalSection(ExtensibilityGlobals) = postSolution
		SolutionGuid = {D2CDCA52-EA7C-40D2-A3AB-36167E728582}
	EndGlobalSection
EndGlobal
